
Microsoft Visual Studio Solution File, Format Version 9.00
# Visual Studio 2005
Project("{FAE04EC0-301F-11D3-BF4B-00C04F79EFBC}") = "MainFacilitiesUseAnalysisClient", "MainFacilitiesUseAnalysisClient\MainFacilitiesUseAnalysisClient.csproj", "{AD8F3A92-ED5D-4328-8698-349074100B51}"
EndProject
Project("{4F174C21-8C12-11D0-8340-0000F80270F8}") = "MainFacilitiesUseAnalysisServer", "MainFacilitiesUseAnalysisServer\MainFacilitiesUseAnalysisServer.dbp", "{036D5400-4E9F-4B03-9B42-E7070E40AF64}"
EndProject
Global
	GlobalSection(SolutionConfigurationPlatforms) = preSolution
		Debug|Any CPU = Debug|Any CPU
		Release|Any CPU = Release|Any CPU
	EndGlobalSection
	GlobalSection(ProjectConfigurationPlatforms) = postSolution
		{AD8F3A92-ED5D-4328-8698-349074100B51}.Debug|Any CPU.ActiveCfg = Debug|Any CPU
		{AD8F3A92-ED5D-4328-8698-349074100B51}.Debug|Any CPU.Build.0 = Debug|Any CPU
		{AD8F3A92-ED5D-4328-8698-349074100B51}.Release|Any CPU.ActiveCfg = Release|Any CPU
		{AD8F3A92-ED5D-4328-8698-349074100B51}.Release|Any CPU.Build.0 = Release|Any CPU
	EndGlobalSection
	GlobalSection(SolutionProperties) = preSolution
		HideSolutionNode = FALSE
	EndGlobalSection
EndGlobal
